
Microsoft Visual Studio Solution File, Format Version 12.00
# Visual Studio Version 17
VisualStudioVersion = 17.4.33110.190
MinimumVisualStudioVersion = 10.0.40219.1
Project("{FAE04EC0-301F-11D3-BF4B-00C04F79EFBC}") = "StudentManagerProject.Web", "StudentManagerProject.Web\StudentManagerProject.Web.csproj", "{CE0445C5-E791-4BAE-AFD4-5634353872B9}"
EndProject
Global
	GlobalSection(SolutionConfigurationPlatforms) = preSolution
		Debug|Any CPU = Debug|Any CPU
		Release|Any CPU = Release|Any CPU
	EndGlobalSection
	GlobalSection(ProjectConfigurationPlatforms) = postSolution
		{CE0445C5-E791-4BAE-AFD4-5634353872B9}.Debug|Any CPU.ActiveCfg = Debug|Any CPU
		{CE0445C5-E791-4BAE-AFD4-5634353872B9}.Debug|Any CPU.Build.0 = Debug|Any CPU
		{CE0445C5-E791-4BAE-AFD4-5634353872B9}.Release|Any CPU.ActiveCfg = Release|Any CPU
		{CE0445C5-E791-4BAE-AFD4-5634353872B9}.Release|Any CPU.Build.0 = Release|Any CPU
	EndGlobalSection
	GlobalSection(SolutionProperties) = preSolution
		HideSolutionNode = FALSE
	EndGlobalSection
	GlobalSection(ExtensibilityGlobals) = postSolution
		SolutionGuid = {733CB8A2-E1B1-4736-B0D6-5D1996FEB929}
	EndGlobalSection
EndGlobal
